
Microsoft Visual Studio Solution File, Format Version 12.00
# Visual Studio 15
Project("{FAE04EC0-301F-11D3-BF4B-00C04F79EFBC}") = "Assembly-CSharp-Editor", "Assembly-CSharp-Editor.csproj", "{CC71C78B-0E5A-8908-E72F-A4C0F75D2301}"
EndProject
Project("{FAE04EC0-301F-11D3-BF4B-00C04F79EFBC}") = "Assembly-CSharp", "Assembly-CSharp.csproj", "{17010C19-E2AB-85FC-593C-811E869FE028}"
EndProject
Global
	GlobalSection(SolutionConfigurationPlatforms) = preSolution
		Debug|Any CPU = Debug|Any CPU
		Release|Any CPU = Release|Any CPU
	EndGlobalSection
	GlobalSection(ProjectConfigurationPlatforms) = postSolution
		{CC71C78B-0E5A-8908-E72F-A4C0F75D2301}.Debug|Any CPU.ActiveCfg = Debug|Any CPU
		{CC71C78B-0E5A-8908-E72F-A4C0F75D2301}.Debug|Any CPU.Build.0 = Debug|Any CPU
		{CC71C78B-0E5A-8908-E72F-A4C0F75D2301}.Release|Any CPU.ActiveCfg = Release|Any CPU
		{CC71C78B-0E5A-8908-E72F-A4C0F75D2301}.Release|Any CPU.Build.0 = Release|Any CPU
		{17010C19-E2AB-85FC-593C-811E869FE028}.Debug|Any CPU.ActiveCfg = Debug|Any CPU
		{17010C19-E2AB-85FC-593C-811E869FE028}.Debug|Any CPU.Build.0 = Debug|Any CPU
		{17010C19-E2AB-85FC-593C-811E869FE028}.Release|Any CPU.ActiveCfg = Release|Any CPU
		{17010C19-E2AB-85FC-593C-811E869FE028}.Release|Any CPU.Build.0 = Release|Any CPU
	EndGlobalSection
	GlobalSection(SolutionProperties) = preSolution
		HideSolutionNode = FALSE
	EndGlobalSection
EndGlobal
